hash: b943167704fd43d1c3f76b89f098afa5b18891610cf96c59b73a8ec1684afdce
updated: 2019-02-25T15:42:21.521361+08:00
imports: []
testImports:
- name: github.com/easierway/concurrent_map
  version: 67c079dbf71c6509b39fc82205a952db8dd6564c
- name: github.com/easierway/fast_hashmap
  version: 7164caa9a117828debdd779b5d1a92aea2bfb7c0
